
Microsoft Visual Studio Solution File, Format Version 12.00
# Visual Studio Version 17
VisualStudioVersion = 17.8.34525.116
MinimumVisualStudioVersion = 10.0.40219.1
Project("{9A19103F-16F7-4668-BE54-9A1E7A4F7556}") = "ConsoleMinesweeper", "ConsoleMinesweeper.csproj", "{F9216B11-EF72-4C92-8455-0FDE410F9A80}"
EndProject
Project("{9A19103F-16F7-4668-BE54-9A1E7A4F7556}") = "MinesweeperGamePlay", "..\MinesweeperGamePlay\MinesweeperGamePlay.csproj", "{0E5C79E1-7D3B-44BD-8D78-21038ACC8196}"
EndProject
Project("{FAE04EC0-301F-11D3-BF4B-00C04F79EFBC}") = "RaylibMinesweeper", "..\RaylibMinesweeper\RaylibMinesweeper.csproj", "{5EC8E36E-4E67-4A76-AB05-8BDA95B0BCDB}"
EndProject
Global
	GlobalSection(SolutionConfigurationPlatforms) = preSolution
		Debug|Any CPU = Debug|Any CPU
		Release|Any CPU = Release|Any CPU
	EndGlobalSection
	GlobalSection(ProjectConfigurationPlatforms) = postSolution
		{F9216B11-EF72-4C92-8455-0FDE410F9A80}.Debug|Any CPU.ActiveCfg = Debug|Any CPU
		{F9216B11-EF72-4C92-8455-0FDE410F9A80}.Debug|Any CPU.Build.0 = Debug|Any CPU
		{F9216B11-EF72-4C92-8455-0FDE410F9A80}.Release|Any CPU.ActiveCfg = Release|Any CPU
		{F9216B11-EF72-4C92-8455-0FDE410F9A80}.Release|Any CPU.Build.0 = Release|Any CPU
		{0E5C79E1-7D3B-44BD-8D78-21038ACC8196}.Debug|Any CPU.ActiveCfg = Debug|Any CPU
		{0E5C79E1-7D3B-44BD-8D78-21038ACC8196}.Debug|Any CPU.Build.0 = Debug|Any CPU
		{0E5C79E1-7D3B-44BD-8D78-21038ACC8196}.Release|Any CPU.ActiveCfg = Release|Any CPU
		{0E5C79E1-7D3B-44BD-8D78-21038ACC8196}.Release|Any CPU.Build.0 = Release|Any CPU
		{5EC8E36E-4E67-4A76-AB05-8BDA95B0BCDB}.Debug|Any CPU.ActiveCfg = Debug|Any CPU
		{5EC8E36E-4E67-4A76-AB05-8BDA95B0BCDB}.Debug|Any CPU.Build.0 = Debug|Any CPU
		{5EC8E36E-4E67-4A76-AB05-8BDA95B0BCDB}.Release|Any CPU.ActiveCfg = Release|Any CPU
		{5EC8E36E-4E67-4A76-AB05-8BDA95B0BCDB}.Release|Any CPU.Build.0 = Release|Any CPU
	EndGlobalSection
	GlobalSection(SolutionProperties) = preSolution
		HideSolutionNode = FALSE
	EndGlobalSection
	GlobalSection(ExtensibilityGlobals) = postSolution
		SolutionGuid = {8C461D50-0596-4909-996C-BC2FD23E4BF4}
	EndGlobalSection
EndGlobal
